# THIS IS AN AUTOGENERATED FILE. DO NOT EDIT THIS FILE DIRECTLY.
# yarn lockfile v1


accepts@1.0.3:
  version "1.0.3"
  resolved "https://registry.yarnpkg.com/accepts/-/accepts-1.0.3.tgz#92b1db0d4f3db47b0530df6e15ae97db514dc2f8"
  dependencies:
    mime "~1.2.11"
    negotiator "0.4.6"

base64-url@1:
  version "1.3.3"
  resolved "https://registry.yarnpkg.com/base64-url/-/base64-url-1.3.3.tgz#f8b6c537f09a4fc58c99cb86e0b0e9c61461a20f"

base64-url@1.2.1:
  version "1.2.1"
  resolved "https://registry.yarnpkg.com/base64-url/-/base64-url-1.2.1.tgz#199fd661702a0e7b7dcae6e0698bb089c52f6d78"

basic-auth-connect@1.0.0:
  version "1.0.0"
  resolved "https://registry.yarnpkg.com/basic-auth-connect/-/basic-auth-connect-1.0.0.tgz#fdb0b43962ca7b40456a7c2bb48fe173da2d2122"

batch@0.5.1:
  version "0.5.1"
  resolved "https://registry.yarnpkg.com/batch/-/batch-0.5.1.tgz#36a4bab594c050fd7b507bca0db30c2d92af4ff2"

body-parser@1.4.3:
  version "1.4.3"
  resolved "https://registry.yarnpkg.com/body-parser/-/body-parser-1.4.3.tgz#4727952cff4af0773eefa4b226c2f4122f5e234d"
  dependencies:
    bytes "1.0.0"
    depd "0.3.0"
    iconv-lite "0.4.3"
    media-typer "0.2.0"
    qs "0.6.6"
    raw-body "1.2.2"
    type-is "1.3.1"

buffer-crc32@0.2.3:
  version "0.2.3"
  resolved "https://registry.yarnpkg.com/buffer-crc32/-/buffer-crc32-0.2.3.tgz#bb54519e95d107cbd2400e76d0cab1467336d921"

bytes@1, bytes@1.0.0:
  version "1.0.0"
  resolved "https://registry.yarnpkg.com/bytes/-/bytes-1.0.0.tgz#3569ede8ba34315fab99c3e92cb04c7220de1fa8"

commander@1.3.2:
  version "1.3.2"
  resolved "https://registry.yarnpkg.com/commander/-/commander-1.3.2.tgz#8a8f30ec670a6fdd64af52f1914b907d79ead5b5"
  dependencies:
    keypress "0.1.x"

compressible@1.1.0:
  version "1.1.0"
  resolved "https://registry.yarnpkg.com/compressible/-/compressible-1.1.0.tgz#124d8a7bba18a05a410a2f25bad413b1b94aff67"

compression@1.0.7:
  version "1.0.7"
  resolved "https://registry.yarnpkg.com/compression/-/compression-1.0.7.tgz#fc4bff261df4e37a130006f2db2a99a34896f55a"
  dependencies:
    accepts "1.0.3"
    bytes "1.0.0"
    compressible "1.1.0"
    on-headers "0.0.0"
    vary "0.1.0"

connect-timeout@1.1.1:
  version "1.1.1"
  resolved "https://registry.yarnpkg.com/connect-timeout/-/connect-timeout-1.1.1.tgz#6c7e31c98f0ac68eb6d1305f67f21f5a6e90fd04"
  dependencies:
    debug "1.0.2"
    on-headers "0.0.0"

connect@2.20.2:
  version "2.20.2"
  resolved "https://registry.yarnpkg.com/connect/-/connect-2.20.2.tgz#44bc64334c7aebc2197c52c6874714002d0977be"
  dependencies:
    basic-auth-connect "1.0.0"
    body-parser "1.4.3"
    bytes "1.0.0"
    compression "1.0.7"
    connect-timeout "1.1.1"
    cookie "0.1.2"
    cookie-parser "1.3.1"
    cookie-signature "1.0.3"
    csurf "1.2.2"
    debug "1.0.2"
    depd "0.3.0"
    errorhandler "1.1.0"
    express-session "1.4.0"
    finalhandler "0.0.2"
    fresh "0.2.2"
    media-typer "0.2.0"
    method-override "2.0.2"
    morgan "1.1.1"
    multiparty "3.2.9"
    on-headers "0.0.0"
    parseurl "1.0.1"
    pause "0.0.1"
    qs "0.6.6"
    response-time "2.0.0"
    serve-favicon "2.0.1"
    serve-index "1.1.2"
    serve-static "1.2.3"
    type-is "1.3.1"
    vhost "2.0.0"

cookie-parser@1.3.1:
  version "1.3.1"
  resolved "https://registry.yarnpkg.com/cookie-parser/-/cookie-parser-1.3.1.tgz#30bfc2906a04489d59bcb9e32f90db08e04bb51e"
  dependencies:
    cookie "0.1.2"
    cookie-signature "1.0.3"

cookie-signature@1.0.3:
  version "1.0.3"
  resolved "https://registry.yarnpkg.com/cookie-signature/-/cookie-signature-1.0.3.tgz#91cd997cc51fb641595738c69cda020328f50ff9"

cookie@0.1.2:
  version "0.1.2"
  resolved "https://registry.yarnpkg.com/cookie/-/cookie-0.1.2.tgz#72fec3d24e48a3432073d90c12642005061004b1"

core-util-is@~1.0.0:
  version "1.0.2"
  resolved "https://registry.npmjs.org/core-util-is/-/core-util-is-1.0.2.tgz#b5fd54220aa2bc5ab57aab7140c940754503c1a7"

csrf-tokens@~2.0.0:
  version "2.0.0"
  resolved "https://registry.yarnpkg.com/csrf-tokens/-/csrf-tokens-2.0.0.tgz#c821003fb8b6ad17bc977d6fd1a84bedc3ed619b"
  dependencies:
    base64-url "1"
    rndm "1"
    scmp "~0.0.3"
    uid-safe "1"

csurf@1.2.2:
  version "1.2.2"
  resolved "https://registry.yarnpkg.com/csurf/-/csurf-1.2.2.tgz#2ea9f2d3f2d67b1e2253290e676b62195dcb7756"
  dependencies:
    csrf-tokens "~2.0.0"

debug@1.0.2:
  version "1.0.2"
  resolved "https://registry.yarnpkg.com/debug/-/debug-1.0.2.tgz#3849591c10cce648476c3c7c2e2e3416db5963c4"
  dependencies:
    ms "0.6.2"

depd@0.3.0:
  version "0.3.0"
  resolved "https://registry.yarnpkg.com/depd/-/depd-0.3.0.tgz#11c9bc28e425325fbd8b38940beff69fa5326883"

ee-first@1.0.3:
  version "1.0.3"
  resolved "https://registry.yarnpkg.com/ee-first/-/ee-first-1.0.3.tgz#6c98c4089abecb5a7b85c1ac449aa603d3b3dabe"

errorhandler@1.1.0:
  version "1.1.0"
  resolved "https://registry.yarnpkg.com/errorhandler/-/errorhandler-1.1.0.tgz#273b0eb850ad103e9a6d63a9981d86f1b9a1202e"
  dependencies:
    accepts "1.0.3"
    escape-html "1.0.1"

escape-html@1.0.1:
  version "1.0.1"
  resolved "https://registry.yarnpkg.com/escape-html/-/escape-html-1.0.1.tgz#181a286ead397a39a92857cfb1d43052e356bff0"

express-session@1.4.0:
  version "1.4.0"
  resolved "https://registry.yarnpkg.com/express-session/-/express-session-1.4.0.tgz#90bf8a939a1c8dc012e4a11e4c2fc3629f7cf894"
  dependencies:
    buffer-crc32 "0.2.3"
    cookie "0.1.2"
    cookie-signature "1.0.3"
    debug "1.0.2"
    on-headers "0.0.0"
    rand-token "0.2.1"
    utils-merge "1.0.0"

express@3.11.0:
  version "3.11.0"
  resolved "https://registry.yarnpkg.com/express/-/express-3.11.0.tgz#f1c8e1c991a444dd7ae331bfb7f1a4557fcfd2ee"
  dependencies:
    buffer-crc32 "0.2.3"
    commander "1.3.2"
    connect "2.20.2"
    cookie "0.1.2"
    cookie-signature "1.0.3"
    debug "1.0.2"
    depd "0.3.0"
    escape-html "1.0.1"
    fresh "0.2.2"
    merge-descriptors "0.0.2"
    methods "1.0.1"
    mkdirp "0.5.0"
    parseurl "1.0.1"
    proxy-addr "1.0.1"
    range-parser "1.0.0"
    send "0.4.3"
    vary "0.1.0"

finalhandler@0.0.2:
  version "0.0.2"
  resolved "https://registry.yarnpkg.com/finalhandler/-/finalhandler-0.0.2.tgz#0603d875ee87d567a266692815cc8ad44fcceeda"
  dependencies:
    debug "1.0.2"
    escape-html "1.0.1"

finished@1.2.2:
  version "1.2.2"
  resolved "https://registry.yarnpkg.com/finished/-/finished-1.2.2.tgz#41608eafadfd65683b46a1220bc4b1ec3daedcd8"
  dependencies:
    ee-first "1.0.3"

fresh@0.2.2:
  version "0.2.2"
  resolved "https://registry.yarnpkg.com/fresh/-/fresh-0.2.2.tgz#9731dcf5678c7faeb44fb903c4f72df55187fa77"

iconv-lite@0.4.3:
  version "0.4.3"
  resolved "https://registry.yarnpkg.com/iconv-lite/-/iconv-lite-0.4.3.tgz#9e7887793b769cc695eb22d2546a4fd2d79b7a1e"

inherits@~2.0.1:
  version "2.0.3"
  resolved "https://registry.npmjs.org/inherits/-/inherits-2.0.3.tgz#633c2c83e3da42a502f52466022480f4208261de"

ipaddr.js@0.1.2:
  version "0.1.2"
  resolved "https://registry.yarnpkg.com/ipaddr.js/-/ipaddr.js-0.1.2.tgz#6a1fd3d854f5002965c34d7bbcd9b4a8d4b0467e"

isarray@0.0.1:
  version "0.0.1"
  resolved "https://registry.npmjs.org/isarray/-/isarray-0.0.1.tgz#8a18acfca9a8f4177e09abfc6038939b05d1eedf"

keypress@0.1.x:
  version "0.1.0"
  resolved "https://registry.npmjs.org/keypress/-/keypress-0.1.0.tgz#4a3188d4291b66b4f65edb99f806aa9ae293592a"

media-typer@0.2.0:
  version "0.2.0"
  resolved "https://registry.yarnpkg.com/media-typer/-/media-typer-0.2.0.tgz#d8a065213adfeaa2e76321a2b6dda36ff6335984"

merge-descriptors@0.0.2:
  version "0.0.2"
  resolved "https://registry.yarnpkg.com/merge-descriptors/-/merge-descriptors-0.0.2.tgz#c36a52a781437513c57275f39dd9d317514ac8c7"

method-override@2.0.2:
  version "2.0.2"
  resolved "https://registry.yarnpkg.com/method-override/-/method-override-2.0.2.tgz#00531278c79789640bf27e97e26a3a5a1f7cca73"
  dependencies:
    methods "1.0.1"
    parseurl "1.0.1"
    vary "0.1.0"

methods@1.0.1:
  version "1.0.1"
  resolved "https://registry.yarnpkg.com/methods/-/methods-1.0.1.tgz#75bc91943dffd7da037cf3eeb0ed73a0037cd14b"

mime-types@1.0.0:
  version "1.0.0"
  resolved "https://registry.yarnpkg.com/mime-types/-/mime-types-1.0.0.tgz#6a7b4a6af2e7d92f97afe03f047c7801e8f001d2"

mime@1.2.11, mime@~1.2.11:
  version "1.2.11"
  resolved "https://registry.yarnpkg.com/mime/-/mime-1.2.11.tgz#58203eed86e3a5ef17aed2b7d9ebd47f0a60dd10"

minimist@0.0.8:
  version "0.0.8"
  resolved "https://registry.yarnpkg.com/minimist/-/minimist-0.0.8.tgz#857fcabfc3397d2625b8228262e86aa7a011b05d"

mkdirp@0.5.0:
  version "0.5.0"
  resolved "https://registry.yarnpkg.com/mkdirp/-/mkdirp-0.5.0.tgz#1d73076a6df986cd9344e15e71fcc05a4c9abf12"
  dependencies:
    minimist "0.0.8"

morgan@1.1.1:
  version "1.1.1"
  resolved "https://registry.yarnpkg.com/morgan/-/morgan-1.1.1.tgz#cde45d2e807ebcc439745846ea80392e69098146"
  dependencies:
    bytes "1.0.0"

ms@0.6.2:
  version "0.6.2"
  resolved "https://registry.yarnpkg.com/ms/-/ms-0.6.2.tgz#d89c2124c6fdc1353d65a8b77bf1aac4b193708c"

multiparty@3.2.9:
  version "3.2.9"
  resolved "https://registry.yarnpkg.com/multiparty/-/multiparty-3.2.9.tgz#c73373ea9c012e7776ce5bc40c936264b6ba2c1e"
  dependencies:
    readable-stream "~1.1.9"
    stream-counter "~0.2.0"

native-or-bluebird@~1.1.2:
  version "1.1.2"
  resolved "https://registry.yarnpkg.com/native-or-bluebird/-/native-or-bluebird-1.1.2.tgz#3921e110232d1eb790f3dac61bb370531c7d356e"

negotiator@0.4.6:
  version "0.4.6"
  resolved "https://registry.yarnpkg.com/negotiator/-/negotiator-0.4.6.tgz#f45faf9fa833ed3ca51250ea9a7ddfc4267a44b3"

on-headers@0.0.0:
  version "0.0.0"
  resolved "https://registry.yarnpkg.com/on-headers/-/on-headers-0.0.0.tgz#ee2817f8344325785cd9c2df2b242bbc17caf4c4"

parseurl@1.0.1:
  version "1.0.1"
  resolved "https://registry.yarnpkg.com/parseurl/-/parseurl-1.0.1.tgz#2e57dce6efdd37c3518701030944c22bf388b7b4"

pause@0.0.1:
  version "0.0.1"
  resolved "https://registry.npmjs.org/pause/-/pause-0.0.1.tgz#1d408b3fdb76923b9543d96fb4c9dfd535d9cb5d"

proxy-addr@1.0.1:
  version "1.0.1"
  resolved "https://registry.yarnpkg.com/proxy-addr/-/proxy-addr-1.0.1.tgz#c7c566d5eb4e3fad67eeb9c77c5558ccc39b88a8"
  dependencies:
    ipaddr.js "0.1.2"

qs@0.6.6:
  version "0.6.6"
  resolved "https://registry.yarnpkg.com/qs/-/qs-0.6.6.tgz#6e015098ff51968b8a3c819001d5f2c89bc4b107"

rand-token@0.2.1:
  version "0.2.1"
  resolved "https://registry.yarnpkg.com/rand-token/-/rand-token-0.2.1.tgz#dc67c8123306c91227b2dc3f5bea73d301376226"

range-parser@1.0.0:
  version "1.0.0"
  resolved "https://registry.yarnpkg.com/range-parser/-/range-parser-1.0.0.tgz#a4b264cfe0be5ce36abe3765ac9c2a248746dbc0"

range-parser@~1.0.0:
  version "1.0.3"
  resolved "https://registry.yarnpkg.com/range-parser/-/range-parser-1.0.3.tgz#6872823535c692e2c2a0103826afd82c2e0ff175"

raw-body@1.2.2:
  version "1.2.2"
  resolved "https://registry.yarnpkg.com/raw-body/-/raw-body-1.2.2.tgz#0c68e1ee28cfed7dba4822234aec6078461cbc1f"
  dependencies:
    bytes "1"
    iconv-lite "0.4.3"

readable-stream@~1.1.8, readable-stream@~1.1.9:
  version "1.1.14"
  resolved "https://registry.yarnpkg.com/readable-stream/-/readable-stream-1.1.14.tgz#7cf4c54ef648e3813084c636dd2079e166c081d9"
  dependencies:
    core-util-is "~1.0.0"
    inherits "~2.0.1"
    isarray "0.0.1"
    string_decoder "~0.10.x"

response-time@2.0.0:
  version "2.0.0"
  resolved "https://registry.yarnpkg.com/response-time/-/response-time-2.0.0.tgz#65cb39fd50de2f4ffdbdd285f1855966bd6fcb36"
  dependencies:
    on-headers "0.0.0"

rndm@1:
  version "1.2.0"
  resolved "https://registry.yarnpkg.com/rndm/-/rndm-1.2.0.tgz#f33fe9cfb52bbfd520aa18323bc65db110a1b76c"

scmp@~0.0.3:
  version "0.0.3"
  resolved "https://registry.yarnpkg.com/scmp/-/scmp-0.0.3.tgz#3648df2d7294641e7f78673ffc29681d9bad9073"

send@0.4.3:
  version "0.4.3"
  resolved "https://registry.yarnpkg.com/send/-/send-0.4.3.tgz#9627b23b7707fbf6373831cac5793330b594b640"
  dependencies:
    debug "1.0.2"
    escape-html "1.0.1"
    finished "1.2.2"
    fresh "0.2.2"
    mime "1.2.11"
    range-parser "~1.0.0"

serve-favicon@2.0.1:
  version "2.0.1"
  resolved "https://registry.yarnpkg.com/serve-favicon/-/serve-favicon-2.0.1.tgz#4826975d9f173ca3a4158e9698161f75dec7afec"
  dependencies:
    fresh "0.2.2"

serve-index@1.1.2:
  version "1.1.2"
  resolved "https://registry.yarnpkg.com/serve-index/-/serve-index-1.1.2.tgz#0742b480998257539c2d2acc6ca1f4aaf267f972"
  dependencies:
    accepts "1.0.3"
    batch "0.5.1"

serve-static@1.2.3:
  version "1.2.3"
  resolved "https://registry.yarnpkg.com/serve-static/-/serve-static-1.2.3.tgz#93cecbc340f079ecb8589281d1dc31c26c0cd158"
  dependencies:
    escape-html "1.0.1"
    parseurl "1.0.1"
    send "0.4.3"

stream-counter@~0.2.0:
  version "0.2.0"
  resolved "https://registry.yarnpkg.com/stream-counter/-/stream-counter-0.2.0.tgz#ded266556319c8b0e222812b9cf3b26fa7d947de"
  dependencies:
    readable-stream "~1.1.8"

string_decoder@~0.10.x:
  version "0.10.31"
  resolved "https://registry.npmjs.org/string_decoder/-/string_decoder-0.10.31.tgz#62e203bc41766c6c28c9fc84301dab1c5310fa94"

type-is@1.3.1:
  version "1.3.1"
  resolved "https://registry.yarnpkg.com/type-is/-/type-is-1.3.1.tgz#a6789b5a52138289ade1ef8f6d9f2874ffd70b6b"
  dependencies:
    media-typer "0.2.0"
    mime-types "1.0.0"

uid-safe@1:
  version "1.1.0"
  resolved "https://registry.yarnpkg.com/uid-safe/-/uid-safe-1.1.0.tgz#58d6c5dabf8dfbd8d52834839806c03fd6143232"
  dependencies:
    base64-url "1.2.1"
    native-or-bluebird "~1.1.2"

utils-merge@1.0.0:
  version "1.0.0"
  resolved "https://registry.yarnpkg.com/utils-merge/-/utils-merge-1.0.0.tgz#0294fb922bb9375153541c4f7096231f287c8af8"

vary@0.1.0:
  version "0.1.0"
  resolved "https://registry.yarnpkg.com/vary/-/vary-0.1.0.tgz#df0945899e93c0cc5bd18cc8321d9d21e74f6176"

vhost@2.0.0:
  version "2.0.0"
  resolved "https://registry.yarnpkg.com/vhost/-/vhost-2.0.0.tgz#1e26770bd0fce86c40945591e6f284c6891791e2"
