# THIS IS AN AUTOGENERATED FILE. DO NOT EDIT THIS FILE DIRECTLY.
# yarn lockfile v1


buffer-crc32@0.2.1:
  version "0.2.1"
  resolved "https://registry.npmjs.org/buffer-crc32/-/buffer-crc32-0.2.1.tgz#be3e5382fc02b6d6324956ac1af98aa98b08534c"

bytes@0.2.0:
  version "0.2.0"
  resolved "https://registry.npmjs.org/bytes/-/bytes-0.2.0.tgz#aad33ec14e3dc2ca74e8e7d451f9ba053ad4f7a0"

commander@1.2.0:
  version "1.2.0"
  resolved "https://registry.npmjs.org/commander/-/commander-1.2.0.tgz#fd5713bfa153c7d6cc599378a5ab4c45c535029e"
  dependencies:
    keypress "0.1.x"

connect@2.9.0:
  version "2.9.0"
  resolved "https://registry.npmjs.org/connect/-/connect-2.9.0.tgz#ecf478b6f2723e72cf9a19d1c7d19d0b37b53746"
  dependencies:
    buffer-crc32 "0.2.1"
    bytes "0.2.0"
    cookie "0.1.0"
    cookie-signature "1.0.1"
    debug "*"
    fresh "0.2.0"
    methods "0.0.1"
    multiparty "2.1.8"
    pause "0.0.1"
    qs "0.6.5"
    send "0.1.4"
    uid2 "0.0.2"

cookie-signature@1.0.1:
  version "1.0.1"
  resolved "https://registry.npmjs.org/cookie-signature/-/cookie-signature-1.0.1.tgz#44e072148af01e6e8e24afbf12690d68ae698ecb"

cookie@0.1.0:
  version "0.1.0"
  resolved "https://registry.npmjs.org/cookie/-/cookie-0.1.0.tgz#90eb469ddce905c866de687efc43131d8801f9d0"

core-util-is@~1.0.0:
  version "1.0.2"
  resolved "https://registry.npmjs.org/core-util-is/-/core-util-is-1.0.2.tgz#b5fd54220aa2bc5ab57aab7140c940754503c1a7"

debug@*:
  version "2.6.6"
  resolved "https://registry.npmjs.org/debug/-/debug-2.6.6.tgz#a9fa6fbe9ca43cf1e79f73b75c0189cbb7d6db5a"
  dependencies:
    ms "0.7.3"

express@3.4.0:
  version "3.4.0"
  resolved "https://registry.npmjs.org/express/-/express-3.4.0.tgz#6ed289da0d5f55ac30997cf832e5fc36f784071e"
  dependencies:
    buffer-crc32 "0.2.1"
    commander "1.2.0"
    connect "2.9.0"
    cookie "0.1.0"
    cookie-signature "1.0.1"
    debug "*"
    fresh "0.2.0"
    methods "0.0.1"
    mkdirp "0.3.5"
    range-parser "0.0.4"
    send "0.1.4"

fresh@0.2.0:
  version "0.2.0"
  resolved "https://registry.npmjs.org/fresh/-/fresh-0.2.0.tgz#bfd9402cf3df12c4a4c310c79f99a3dde13d34a7"

inherits@~2.0.1:
  version "2.0.3"
  resolved "https://registry.npmjs.org/inherits/-/inherits-2.0.3.tgz#633c2c83e3da42a502f52466022480f4208261de"

isarray@0.0.1:
  version "0.0.1"
  resolved "https://registry.npmjs.org/isarray/-/isarray-0.0.1.tgz#8a18acfca9a8f4177e09abfc6038939b05d1eedf"

keypress@0.1.x:
  version "0.1.0"
  resolved "https://registry.npmjs.org/keypress/-/keypress-0.1.0.tgz#4a3188d4291b66b4f65edb99f806aa9ae293592a"

methods@0.0.1:
  version "0.0.1"
  resolved "https://registry.npmjs.org/methods/-/methods-0.0.1.tgz#277c90f8bef39709645a8371c51c3b6c648e068c"

mime@~1.2.9:
  version "1.2.11"
  resolved "https://registry.npmjs.org/mime/-/mime-1.2.11.tgz#58203eed86e3a5ef17aed2b7d9ebd47f0a60dd10"

mkdirp@0.3.5:
  version "0.3.5"
  resolved "https://registry.npmjs.org/mkdirp/-/mkdirp-0.3.5.tgz#de3e5f8961c88c787ee1368df849ac4413eca8d7"

ms@0.7.3:
  version "0.7.3"
  resolved "https://registry.npmjs.org/ms/-/ms-0.7.3.tgz#708155a5e44e33f5fd0fc53e81d0d40a91be1fff"

multiparty@2.1.8:
  version "2.1.8"
  resolved "https://registry.npmjs.org/multiparty/-/multiparty-2.1.8.tgz#35a31834323578ee65f5d870568097914739cf4e"
  dependencies:
    readable-stream "~1.0.2"
    stream-counter "~0.1.0"

pause@0.0.1:
  version "0.0.1"
  resolved "https://registry.npmjs.org/pause/-/pause-0.0.1.tgz#1d408b3fdb76923b9543d96fb4c9dfd535d9cb5d"

qs@0.6.5:
  version "0.6.5"
  resolved "https://registry.npmjs.org/qs/-/qs-0.6.5.tgz#294b268e4b0d4250f6dde19b3b8b34935dff14ef"

range-parser@0.0.4:
  version "0.0.4"
  resolved "https://registry.npmjs.org/range-parser/-/range-parser-0.0.4.tgz#c0427ffef51c10acba0782a46c9602e744ff620b"

readable-stream@~1.0.2:
  version "1.0.34"
  resolved "https://registry.npmjs.org/readable-stream/-/readable-stream-1.0.34.tgz#125820e34bc842d2f2aaafafe4c2916ee32c157c"
  dependencies:
    core-util-is "~1.0.0"
    inherits "~2.0.1"
    isarray "0.0.1"
    string_decoder "~0.10.x"

send@0.1.4:
  version "0.1.4"
  resolved "https://registry.npmjs.org/send/-/send-0.1.4.tgz#be70d8d1be01de61821af13780b50345a4f71abd"
  dependencies:
    debug "*"
    fresh "0.2.0"
    mime "~1.2.9"
    range-parser "0.0.4"

stream-counter@~0.1.0:
  version "0.1.0"
  resolved "https://registry.npmjs.org/stream-counter/-/stream-counter-0.1.0.tgz#a035e429361fb57f361606e17fcd8a8b9677327b"
  dependencies:
    readable-stream "~1.0.2"

string_decoder@~0.10.x:
  version "0.10.31"
  resolved "https://registry.npmjs.org/string_decoder/-/string_decoder-0.10.31.tgz#62e203bc41766c6c28c9fc84301dab1c5310fa94"

uid2@0.0.2:
  version "0.0.2"
  resolved "https://registry.npmjs.org/uid2/-/uid2-0.0.2.tgz#107fb155c82c1136620797ed4c88cf2b08f6aab8"
